
Microsoft Visual Studio Solution File, Format Version 12.00
# Visual Studio Version 17
VisualStudioVersion = 17.1.32210.238
MinimumVisualStudioVersion = 10.0.40219.1
Project("{2150E333-8FDC-42A3-9474-1A3956D46DE8}") = "interfaces", "interfaces", "{6CC1D61F-1E90-453B-9E45-4AE6278BFF3B}"
EndProject
Project("{2150E333-8FDC-42A3-9474-1A3956D46DE8}") = "Bussines", "Bussines", "{5D1D9BA4-8EC9-435B-B756-86E1E4665C77}"
EndProject
Project("{2150E333-8FDC-42A3-9474-1A3956D46DE8}") = "Data", "Data", "{3D31CEE4-F5B0-4FF3-9CB1-C6AF2AE6D631}"
EndProject
Project("{9A19103F-16F7-4668-BE54-9A1E7A4F7556}") = "Basic Games Shelf.DOMAINE", "Basic Games Shelf.DOMAINE\Basic Games Shelf.DOMAINE.csproj", "{643A7CAE-7656-4044-8FB9-035832A5583D}"
EndProject
Project("{9A19103F-16F7-4668-BE54-9A1E7A4F7556}") = "Basic Games Shelf.DOMAINETEST", "Basic Games Shelf.DOMAINETEST\Basic Games Shelf.DOMAINETEST.csproj", "{CD05B5F1-F279-4216-9471-CBFCCC957053}"
EndProject
Project("{9A19103F-16F7-4668-BE54-9A1E7A4F7556}") = "Basic Games Shelf.DATA", "Basic Games Shelf.DATA\Basic Games Shelf.DATA.csproj", "{16D247BF-6E55-40FA-9B11-710D0E7542B6}"
EndProject
Project("{9A19103F-16F7-4668-BE54-9A1E7A4F7556}") = "Basic Games Shelf.DATATEST", "Basic Games Shelf.DATATEST\Basic Games Shelf.DATATEST.csproj", "{6D0B8F05-367C-456F-BBF8-100882F68549}"
EndProject
Project("{9A19103F-16F7-4668-BE54-9A1E7A4F7556}") = "Basic Games Shelf.WebApi", "Basic Games Shelf.WebApi\Basic Games Shelf.WebApi.csproj", "{E1C2E1C1-1733-42F8-B11A-462BA00B16DB}"
EndProject
Project("{FAE04EC0-301F-11D3-BF4B-00C04F79EFBC}") = "TestProject1", "TestProject1\TestProject1.csproj", "{CCB1B544-D4A8-493A-BD03-86054D08BCB5}"
EndProject
Global
	GlobalSection(SolutionConfigurationPlatforms) = preSolution
		Debug|Any CPU = Debug|Any CPU
		Release|Any CPU = Release|Any CPU
	EndGlobalSection
	GlobalSection(ProjectConfigurationPlatforms) = postSolution
		{643A7CAE-7656-4044-8FB9-035832A5583D}.Debug|Any CPU.ActiveCfg = Debug|Any CPU
		{643A7CAE-7656-4044-8FB9-035832A5583D}.Debug|Any CPU.Build.0 = Debug|Any CPU
		{643A7CAE-7656-4044-8FB9-035832A5583D}.Release|Any CPU.ActiveCfg = Release|Any CPU
		{643A7CAE-7656-4044-8FB9-035832A5583D}.Release|Any CPU.Build.0 = Release|Any CPU
		{CD05B5F1-F279-4216-9471-CBFCCC957053}.Debug|Any CPU.ActiveCfg = Debug|Any CPU
		{CD05B5F1-F279-4216-9471-CBFCCC957053}.Debug|Any CPU.Build.0 = Debug|Any CPU
		{CD05B5F1-F279-4216-9471-CBFCCC957053}.Release|Any CPU.ActiveCfg = Release|Any CPU
		{CD05B5F1-F279-4216-9471-CBFCCC957053}.Release|Any CPU.Build.0 = Release|Any CPU
		{16D247BF-6E55-40FA-9B11-710D0E7542B6}.Debug|Any CPU.ActiveCfg = Debug|Any CPU
		{16D247BF-6E55-40FA-9B11-710D0E7542B6}.Debug|Any CPU.Build.0 = Debug|Any CPU
		{16D247BF-6E55-40FA-9B11-710D0E7542B6}.Release|Any CPU.ActiveCfg = Release|Any CPU
		{16D247BF-6E55-40FA-9B11-710D0E7542B6}.Release|Any CPU.Build.0 = Release|Any CPU
		{6D0B8F05-367C-456F-BBF8-100882F68549}.Debug|Any CPU.ActiveCfg = Debug|Any CPU
		{6D0B8F05-367C-456F-BBF8-100882F68549}.Debug|Any CPU.Build.0 = Debug|Any CPU
		{6D0B8F05-367C-456F-BBF8-100882F68549}.Release|Any CPU.ActiveCfg = Release|Any CPU
		{6D0B8F05-367C-456F-BBF8-100882F68549}.Release|Any CPU.Build.0 = Release|Any CPU
		{E1C2E1C1-1733-42F8-B11A-462BA00B16DB}.Debug|Any CPU.ActiveCfg = Debug|Any CPU
		{E1C2E1C1-1733-42F8-B11A-462BA00B16DB}.Debug|Any CPU.Build.0 = Debug|Any CPU
		{E1C2E1C1-1733-42F8-B11A-462BA00B16DB}.Release|Any CPU.ActiveCfg = Release|Any CPU
		{E1C2E1C1-1733-42F8-B11A-462BA00B16DB}.Release|Any CPU.Build.0 = Release|Any CPU
		{CCB1B544-D4A8-493A-BD03-86054D08BCB5}.Debug|Any CPU.ActiveCfg = Debug|Any CPU
		{CCB1B544-D4A8-493A-BD03-86054D08BCB5}.Debug|Any CPU.Build.0 = Debug|Any CPU
		{CCB1B544-D4A8-493A-BD03-86054D08BCB5}.Release|Any CPU.ActiveCfg = Release|Any CPU
		{CCB1B544-D4A8-493A-BD03-86054D08BCB5}.Release|Any CPU.Build.0 = Release|Any CPU
	EndGlobalSection
	GlobalSection(SolutionProperties) = preSolution
		HideSolutionNode = FALSE
	EndGlobalSection
	GlobalSection(NestedProjects) = preSolution
		{643A7CAE-7656-4044-8FB9-035832A5583D} = {5D1D9BA4-8EC9-435B-B756-86E1E4665C77}
		{CD05B5F1-F279-4216-9471-CBFCCC957053} = {5D1D9BA4-8EC9-435B-B756-86E1E4665C77}
		{16D247BF-6E55-40FA-9B11-710D0E7542B6} = {3D31CEE4-F5B0-4FF3-9CB1-C6AF2AE6D631}
		{6D0B8F05-367C-456F-BBF8-100882F68549} = {3D31CEE4-F5B0-4FF3-9CB1-C6AF2AE6D631}
		{E1C2E1C1-1733-42F8-B11A-462BA00B16DB} = {6CC1D61F-1E90-453B-9E45-4AE6278BFF3B}
		{CCB1B544-D4A8-493A-BD03-86054D08BCB5} = {5D1D9BA4-8EC9-435B-B756-86E1E4665C77}
	EndGlobalSection
	GlobalSection(ExtensibilityGlobals) = postSolution
		SolutionGuid = {C66CD3FF-910B-46C1-8BCA-60C0F094ADBE}
	EndGlobalSection
EndGlobal
